// !$*UTF8*$!
{
	archiveVersion = 1;
	classes = {
	};
	objectVersion = 48;
	objects = {

/* Begin PBXBuildFile section */
		43675296923AA4C0E0F70D41 /* Pods_TinderUISamples.framework in Frameworks */ = {isa = PBXBuildFile; fileRef = 52621AAD822283E82E96ED11 /* Pods_TinderUISamples.framework */; };
		DE2188F12018146F00B0E5C0 /* AppDelegate.swift in Sources */ = {isa = PBXBuildFile; fileRef = DE2188F02018146F00B0E5C0 /* AppDelegate.swift */; };
		DE2188F32018146F00B0E5C0 /* ViewController.swift in Sources */ = {isa = PBXBuildFile; fileRef = DE2188F22018146F00B0E5C0 /* ViewController.swift */; };
		DE2188F62018146F00B0E5C0 /* Main.storyboard in Resources */ = {isa = PBXBuildFile; fileRef = DE2188F42018146F00B0E5C0 /* Main.storyboard */; };
		DE2188F82018146F00B0E5C0 /* Assets.xcassets in Resources */ = {isa = PBXBuildFile; fileRef = DE2188F72018146F00B0E5C0 /* Assets.xcassets */; };
		DE2188FB2018146F00B0E5C0 /* LaunchScreen.storyboard in Resources */ = {isa = PBXBuildFile; fileRef = DE2188F92018146F00B0E5C0 /* LaunchScreen.storyboard */; };
		DE2189062018146F00B0E5C0 /* TinderUISamplesTests.swift in Sources */ = {isa = PBXBuildFile; fileRef = DE2189052018146F00B0E5C0 /* TinderUISamplesTests.swift */; };
		DE2189112018146F00B0E5C0 /* TinderUISamplesUITests.swift in Sources */ = {isa = PBXBuildFile; fileRef = DE2189102018146F00B0E5C0 /* TinderUISamplesUITests.swift */; };
		DE2189202019F19E00B0E5C0 /* CollectionViewTinderViewController.swift in Sources */ = {isa = PBXBuildFile; fileRef = DE21891F2019F19D00B0E5C0 /* CollectionViewTinderViewController.swift */; };
		DE218922201E06C700B0E5C0 /* PureViewTinderViewController.swift in Sources */ = {isa = PBXBuildFile; fileRef = DE218921201E06C700B0E5C0 /* PureViewTinderViewController.swift */; };
		DE218927201E075000B0E5C0 /* UIImageExtension.swift in Sources */ = {isa = PBXBuildFile; fileRef = DE218926201E075000B0E5C0 /* UIImageExtension.swift */; };
		DE21892A201E07CA00B0E5C0 /* CustomViewBase.swift in Sources */ = {isa = PBXBuildFile; fileRef = DE218929201E07CA00B0E5C0 /* CustomViewBase.swift */; };
		DE2189352026092800B0E5C0 /* TinderCardSetView.xib in Resources */ = {isa = PBXBuildFile; fileRef = DE2189342026092800B0E5C0 /* TinderCardSetView.xib */; };
		DE2189372026096200B0E5C0 /* TinderCardSetView.swift in Sources */ = {isa = PBXBuildFile; fileRef = DE2189362026096200B0E5C0 /* TinderCardSetView.swift */; };
		DE21893920262C5100B0E5C0 /* TinderCardSetting.swift in Sources */ = {isa = PBXBuildFile; fileRef = DE21893820262C5100B0E5C0 /* TinderCardSetting.swift */; };
		DE21893B20262E1500B0E5C0 /* TinderCardDefaultSettings.swift in Sources */ = {isa = PBXBuildFile; fileRef = DE21893A20262E1500B0E5C0 /* TinderCardDefaultSettings.swift */; };
		DE21893D20262EA600B0E5C0 /* UIColorExtension.swift in Sources */ = {isa = PBXBuildFile; fileRef = DE21893C20262EA600B0E5C0 /* UIColorExtension.swift */; };
		DE21893F2027000F00B0E5C0 /* IntExtension.swift in Sources */ = {isa = PBXBuildFile; fileRef = DE21893E2027000F00B0E5C0 /* IntExtension.swift */; };
		DE218943202B7BCC00B0E5C0 /* rakuten_recipe_category_list.csv in Resources */ = {isa = PBXBuildFile; fileRef = DE218942202B7BCB00B0E5C0 /* rakuten_recipe_category_list.csv */; };
		DE218947202F810800B0E5C0 /* APIRequestManager.swift in Sources */ = {isa = PBXBuildFile; fileRef = DE218946202F810700B0E5C0 /* APIRequestManager.swift */; };
		DE218949202F840300B0E5C0 /* RecipeModel.swift in Sources */ = {isa = PBXBuildFile; fileRef = DE218948202F840300B0E5C0 /* RecipeModel.swift */; };
		DE21894B202F841800B0E5C0 /* RecipePresenter.swift in Sources */ = {isa = PBXBuildFile; fileRef = DE21894A202F841800B0E5C0 /* RecipePresenter.swift */; };
		DE21894E202F854300B0E5C0 /* APIConstant.swift in Sources */ = {isa = PBXBuildFile; fileRef = DE21894D202F854300B0E5C0 /* APIConstant.swift */; };
		DE590E3E20313B0C0069BAB2 /* TinderCardCollectionViewCell.swift in Sources */ = {isa = PBXBuildFile; fileRef = DE590E3C20313B0C0069BAB2 /* TinderCardCollectionViewCell.swift */; };
		DE590E3F20313B0C0069BAB2 /* TinderCardCollectionViewCell.xib in Resources */ = {isa = PBXBuildFile; fileRef = DE590E3D20313B0C0069BAB2 /* TinderCardCollectionViewCell.xib */; };
/* End PBXBuildFile section */

/* Begin PBXContainerItemProxy section */
		DE2189022018146F00B0E5C0 /* PBXContainerItemProxy */ = {
			isa = PBXContainerItemProxy;
			containerPortal = DE2188E52018146F00B0E5C0 /* Project object */;
			proxyType = 1;
			remoteGlobalIDString = DE2188EC2018146F00B0E5C0;
			remoteInfo = TinderUISamples;
		};
		DE21890D2018146F00B0E5C0 /* PBXContainerItemProxy */ = {
			isa = PBXContainerItemProxy;
			containerPortal = DE2188E52018146F00B0E5C0 /* Project object */;
			proxyType = 1;
			remoteGlobalIDString = DE2188EC2018146F00B0E5C0;
			remoteInfo = TinderUISamples;
		};
/* End PBXContainerItemProxy section */

/* Begin PBXFileReference section */
		52621AAD822283E82E96ED11 /* Pods_TinderUISamples.framework */ = {isa = PBXFileReference; explicitFileType = wrapper.framework; includeInIndex = 0; path = Pods_TinderUISamples.framework; sourceTree = BUILT_PRODUCTS_DIR; };
		776303F8D722C3463AB85064 /* Pods-TinderUISamples.debug.xcconfig */ = {isa = PBXFileReference; includeInIndex = 1; lastKnownFileType = text.xcconfig; name = "Pods-TinderUISamples.debug.xcconfig"; path = "Pods/Target Support Files/Pods-TinderUISamples/Pods-TinderUISamples.debug.xcconfig"; sourceTree = "<group>"; };
		DE2188ED2018146F00B0E5C0 /* TinderUISamples.app */ = {isa = PBXFileReference; explicitFileType = wrapper.application; includeInIndex = 0; path = TinderUISamples.app; sourceTree = BUILT_PRODUCTS_DIR; };
		DE2188F02018146F00B0E5C0 /* AppDelegate.swift */ = {isa = PBXFileReference; lastKnownFileType = sourcecode.swift; path = AppDelegate.swift; sourceTree = "<group>"; };
		DE2188F22018146F00B0E5C0 /* ViewController.swift */ = {isa = PBXFileReference; lastKnownFileType = sourcecode.swift; path = ViewController.swift; sourceTree = "<group>"; };
		DE2188F52018146F00B0E5C0 /* Base */ = {isa = PBXFileReference; lastKnownFileType = file.storyboard; name = Base; path = Base.lproj/Main.storyboard; sourceTree = "<group>"; };
		DE2188F72018146F00B0E5C0 /* Assets.xcassets */ = {isa = PBXFileReference; lastKnownFileType = folder.assetcatalog; path = Assets.xcassets; sourceTree = "<group>"; };
		DE2188FA2018146F00B0E5C0 /* Base */ = {isa = PBXFileReference; lastKnownFileType = file.storyboard; name = Base; path = Base.lproj/LaunchScreen.storyboard; sourceTree = "<group>"; };
		DE2188FC2018146F00B0E5C0 /* Info.plist */ = {isa = PBXFileReference; lastKnownFileType = text.plist.xml; path = Info.plist; sourceTree = "<group>"; };
		DE2189012018146F00B0E5C0 /* TinderUISamplesTests.xctest */ = {isa = PBXFileReference; explicitFileType = wrapper.cfbundle; includeInIndex = 0; path = TinderUISamplesTests.xctest; sourceTree = BUILT_PRODUCTS_DIR; };
		DE2189052018146F00B0E5C0 /* TinderUISamplesTests.swift */ = {isa = PBXFileReference; lastKnownFileType = sourcecode.swift; path = TinderUISamplesTests.swift; sourceTree = "<group>"; };
		DE2189072018146F00B0E5C0 /* Info.plist */ = {isa = PBXFileReference; lastKnownFileType = text.plist.xml; path = Info.plist; sourceTree = "<group>"; };
		DE21890C2018146F00B0E5C0 /* TinderUISamplesUITests.xctest */ = {isa = PBXFileReference; explicitFileType = wrapper.cfbundle; includeInIndex = 0; path = TinderUISamplesUITests.xctest; sourceTree = BUILT_PRODUCTS_DIR; };
		DE2189102018146F00B0E5C0 /* TinderUISamplesUITests.swift */ = {isa = PBXFileReference; lastKnownFileType = sourcecode.swift; path = TinderUISamplesUITests.swift; sourceTree = "<group>"; };
		DE2189122018146F00B0E5C0 /* Info.plist */ = {isa = PBXFileReference; lastKnownFileType = text.plist.xml; path = Info.plist; sourceTree = "<group>"; };
		DE21891F2019F19D00B0E5C0 /* CollectionViewTinderViewController.swift */ = {isa = PBXFileReference; lastKnownFileType = sourcecode.swift; path = CollectionViewTinderViewController.swift; sourceTree = "<group>"; };
		DE218921201E06C700B0E5C0 /* PureViewTinderViewController.swift */ = {isa = PBXFileReference; lastKnownFileType = sourcecode.swift; path = PureViewTinderViewController.swift; sourceTree = "<group>"; };
		DE218926201E075000B0E5C0 /* UIImageExtension.swift */ = {isa = PBXFileReference; lastKnownFileType = sourcecode.swift; path = UIImageExtension.swift; sourceTree = "<group>"; };
		DE218929201E07CA00B0E5C0 /* CustomViewBase.swift */ = {isa = PBXFileReference; lastKnownFileType = sourcecode.swift; path = CustomViewBase.swift; sourceTree = "<group>"; };
		DE2189342026092800B0E5C0 /* TinderCardSetView.xib */ = {isa = PBXFileReference; lastKnownFileType = file.xib; path = TinderCardSetView.xib; sourceTree = "<group>"; };
		DE2189362026096200B0E5C0 /* TinderCardSetView.swift */ = {isa = PBXFileReference; lastKnownFileType = sourcecode.swift; path = TinderCardSetView.swift; sourceTree = "<group>"; };
		DE21893820262C5100B0E5C0 /* TinderCardSetting.swift */ = {isa = PBXFileReference; lastKnownFileType = sourcecode.swift; path = TinderCardSetting.swift; sourceTree = "<group>"; };
		DE21893A20262E1500B0E5C0 /* TinderCardDefaultSettings.swift */ = {isa = PBXFileReference; lastKnownFileType = sourcecode.swift; path = TinderCardDefaultSettings.swift; sourceTree = "<group>"; };
		DE21893C20262EA600B0E5C0 /* UIColorExtension.swift */ = {isa = PBXFileReference; lastKnownFileType = sourcecode.swift; path = UIColorExtension.swift; sourceTree = "<group>"; };
		DE21893E2027000F00B0E5C0 /* IntExtension.swift */ = {isa = PBXFileReference; lastKnownFileType = sourcecode.swift; path = IntExtension.swift; sourceTree = "<group>"; };
		DE218942202B7BCB00B0E5C0 /* rakuten_recipe_category_list.csv */ = {isa = PBXFileReference; fileEncoding = 4; lastKnownFileType = text; path = rakuten_recipe_category_list.csv; sourceTree = "<group>"; };
		DE218946202F810700B0E5C0 /* APIRequestManager.swift */ = {isa = PBXFileReference; lastKnownFileType = sourcecode.swift; path = APIRequestManager.swift; sourceTree = "<group>"; };
		DE218948202F840300B0E5C0 /* RecipeModel.swift */ = {isa = PBXFileReference; lastKnownFileType = sourcecode.swift; path = RecipeModel.swift; sourceTree = "<group>"; };
		DE21894A202F841800B0E5C0 /* RecipePresenter.swift */ = {isa = PBXFileReference; lastKnownFileType = sourcecode.swift; path = RecipePresenter.swift; sourceTree = "<group>"; };
		DE21894D202F854300B0E5C0 /* APIConstant.swift */ = {isa = PBXFileReference; lastKnownFileType = sourcecode.swift; path = APIConstant.swift; sourceTree = "<group>"; };
		DE590E3C20313B0C0069BAB2 /* TinderCardCollectionViewCell.swift */ = {isa = PBXFileReference; lastKnownFileType = sourcecode.swift; path = TinderCardCollectionViewCell.swift; sourceTree = "<group>"; };
		DE590E3D20313B0C0069BAB2 /* TinderCardCollectionViewCell.xib */ = {isa = PBXFileReference; lastKnownFileType = file.xib; path = TinderCardCollectionViewCell.xib; sourceTree = "<group>"; };
		E4A61A47756FDAF51B9B0B8A /* Pods-TinderUISamples.release.xcconfig */ = {isa = PBXFileReference; includeInIndex = 1; lastKnownFileType = text.xcconfig; name = "Pods-TinderUISamples.release.xcconfig"; path = "Pods/Target Support Files/Pods-TinderUISamples/Pods-TinderUISamples.release.xcconfig"; sourceTree = "<group>"; };
/* End PBXFileReference section */

/* Begin PBXFrameworksBuildPhase section */
		DE2188EA2018146F00B0E5C0 /* Frameworks */ = {
			isa = PBXFrameworksBuildPhase;
			buildActionMask = 2147483647;
			files = (
				43675296923AA4C0E0F70D41 /* Pods_TinderUISamples.framework in Frameworks */,
			);
			runOnlyForDeploymentPostprocessing = 0;
		};
		DE2188FE2018146F00B0E5C0 /* Frameworks */ = {
			isa = PBXFrameworksBuildPhase;
			buildActionMask = 2147483647;
			files = (
			);
			runOnlyForDeploymentPostprocessing = 0;
		};
		DE2189092018146F00B0E5C0 /* Frameworks */ = {
			isa = PBXFrameworksBuildPhase;
			buildActionMask = 2147483647;
			files = (
			);
			runOnlyForDeploymentPostprocessing = 0;
		};
/* End PBXFrameworksBuildPhase section */

/* Begin PBXGroup section */
		7E4FAA681F949FECF22AD062 /* Frameworks */ = {
			isa = PBXGroup;
			children = (
				52621AAD822283E82E96ED11 /* Pods_TinderUISamples.framework */,
			);
			name = Frameworks;
			sourceTree = "<group>";
		};
		B69AAD4B0021865FF46B3F48 /* Pods */ = {
			isa = PBXGroup;
			children = (
				776303F8D722C3463AB85064 /* Pods-TinderUISamples.debug.xcconfig */,
				E4A61A47756FDAF51B9B0B8A /* Pods-TinderUISamples.release.xcconfig */,
			);
			name = Pods;
			sourceTree = "<group>";
		};
		DE2188E42018146F00B0E5C0 = {
			isa = PBXGroup;
			children = (
				DE2188EF2018146F00B0E5C0 /* TinderUISamples */,
				DE2189042018146F00B0E5C0 /* TinderUISamplesTests */,
				DE21890F2018146F00B0E5C0 /* TinderUISamplesUITests */,
				DE2188EE2018146F00B0E5C0 /* Products */,
				B69AAD4B0021865FF46B3F48 /* Pods */,
				7E4FAA681F949FECF22AD062 /* Frameworks */,
			);
			sourceTree = "<group>";
		};
		DE2188EE2018146F00B0E5C0 /* Products */ = {
			isa = PBXGroup;
			children = (
				DE2188ED2018146F00B0E5C0 /* TinderUISamples.app */,
				DE2189012018146F00B0E5C0 /* TinderUISamplesTests.xctest */,
				DE21890C2018146F00B0E5C0 /* TinderUISamplesUITests.xctest */,
			);
			name = Products;
			sourceTree = "<group>";
		};
		DE2188EF2018146F00B0E5C0 /* TinderUISamples */ = {
			isa = PBXGroup;
			children = (
				DE2188FC2018146F00B0E5C0 /* Info.plist */,
				DE2188F02018146F00B0E5C0 /* AppDelegate.swift */,
				DE2188F22018146F00B0E5C0 /* ViewController.swift */,
				DE2188F72018146F00B0E5C0 /* Assets.xcassets */,
				DE21894C202F851800B0E5C0 /* API */,
				DE218928201E076B00B0E5C0 /* BaseClass */,
				DE218941202B7B6800B0E5C0 /* DataSet */,
				DE218925201E073C00B0E5C0 /* Extension */,
				DE218944202EEC6400B0E5C0 /* Model */,
				DE218940202A180200B0E5C0 /* Protocol */,
				DE218945202EEC7100B0E5C0 /* Presenter */,
				DE218924201E06DE00B0E5C0 /* Storyboard */,
				DE218923201E06CF00B0E5C0 /* TinderUI */,
				DE218931201E111500B0E5C0 /* ViewComponents */,
			);
			path = TinderUISamples;
			sourceTree = "<group>";
		};
		DE2189042018146F00B0E5C0 /* TinderUISamplesTests */ = {
			isa = PBXGroup;
			children = (
				DE2189052018146F00B0E5C0 /* TinderUISamplesTests.swift */,
				DE2189072018146F00B0E5C0 /* Info.plist */,
			);
			path = TinderUISamplesTests;
			sourceTree = "<group>";
		};
		DE21890F2018146F00B0E5C0 /* TinderUISamplesUITests */ = {
			isa = PBXGroup;
			children = (
				DE2189102018146F00B0E5C0 /* TinderUISamplesUITests.swift */,
				DE2189122018146F00B0E5C0 /* Info.plist */,
			);
			path = TinderUISamplesUITests;
			sourceTree = "<group>";
		};
		DE218923201E06CF00B0E5C0 /* TinderUI */ = {
			isa = PBXGroup;
			children = (
				DE21891F2019F19D00B0E5C0 /* CollectionViewTinderViewController.swift */,
				DE218921201E06C700B0E5C0 /* PureViewTinderViewController.swift */,
			);
			path = TinderUI;
			sourceTree = "<group>";
		};
		DE218924201E06DE00B0E5C0 /* Storyboard */ = {
			isa = PBXGroup;
			children = (
				DE2188F92018146F00B0E5C0 /* LaunchScreen.storyboard */,
				DE2188F42018146F00B0E5C0 /* Main.storyboard */,
			);
			path = Storyboard;
			sourceTree = "<group>";
		};
		DE218925201E073C00B0E5C0 /* Extension */ = {
			isa = PBXGroup;
			children = (
				DE21893E2027000F00B0E5C0 /* IntExtension.swift */,
				DE21893C20262EA600B0E5C0 /* UIColorExtension.swift */,
				DE218926201E075000B0E5C0 /* UIImageExtension.swift */,
			);
			path = Extension;
			sourceTree = "<group>";
		};
		DE218928201E076B00B0E5C0 /* BaseClass */ = {
			isa = PBXGroup;
			children = (
				DE218929201E07CA00B0E5C0 /* CustomViewBase.swift */,
			);
			path = BaseClass;
			sourceTree = "<group>";
		};
		DE218931201E111500B0E5C0 /* ViewComponents */ = {
			isa = PBXGroup;
			children = (
				DE590E3A20313AA80069BAB2 /* CollectionViewTinderView */,
				DE218932201E1B1300B0E5C0 /* PureViewTinder */,
			);
			path = ViewComponents;
			sourceTree = "<group>";
		};
		DE218932201E1B1300B0E5C0 /* PureViewTinder */ = {
			isa = PBXGroup;
			children = (
				DE2189332026085500B0E5C0 /* TinderCardSetView */,
			);
			path = PureViewTinder;
			sourceTree = "<group>";
		};
		DE2189332026085500B0E5C0 /* TinderCardSetView */ = {
			isa = PBXGroup;
			children = (
				DE2189362026096200B0E5C0 /* TinderCardSetView.swift */,
				DE2189342026092800B0E5C0 /* TinderCardSetView.xib */,
			);
			path = TinderCardSetView;
			sourceTree = "<group>";
		};
		DE218940202A180200B0E5C0 /* Protocol */ = {
			isa = PBXGroup;
			children = (
				DE21893A20262E1500B0E5C0 /* TinderCardDefaultSettings.swift */,
				DE21893820262C5100B0E5C0 /* TinderCardSetting.swift */,
			);
			path = Protocol;
			sourceTree = "<group>";
		};
		DE218941202B7B6800B0E5C0 /* DataSet */ = {
			isa = PBXGroup;
			children = (
				DE218942202B7BCB00B0E5C0 /* rakuten_recipe_category_list.csv */,
			);
			path = DataSet;
			sourceTree = "<group>";
		};
		DE218944202EEC6400B0E5C0 /* Model */ = {
			isa = PBXGroup;
			children = (
				DE218948202F840300B0E5C0 /* RecipeModel.swift */,
			);
			path = Model;
			sourceTree = "<group>";
		};
		DE218945202EEC7100B0E5C0 /* Presenter */ = {
			isa = PBXGroup;
			children = (
				DE21894A202F841800B0E5C0 /* RecipePresenter.swift */,
			);
			path = Presenter;
			sourceTree = "<group>";
		};
		DE21894C202F851800B0E5C0 /* API */ = {
			isa = PBXGroup;
			children = (
				DE21894D202F854300B0E5C0 /* APIConstant.swift */,
				DE218946202F810700B0E5C0 /* APIRequestManager.swift */,
			);
			path = API;
			sourceTree = "<group>";
		};
		DE590E3A20313AA80069BAB2 /* CollectionViewTinderView */ = {
			isa = PBXGroup;
			children = (
				DE590E3B20313AD20069BAB2 /* TinderCardCollectionViewCell */,
			);
			path = CollectionViewTinderView;
			sourceTree = "<group>";
		};
		DE590E3B20313AD20069BAB2 /* TinderCardCollectionViewCell */ = {
			isa = PBXGroup;
			children = (
				DE590E3C20313B0C0069BAB2 /* TinderCardCollectionViewCell.swift */,
				DE590E3D20313B0C0069BAB2 /* TinderCardCollectionViewCell.xib */,
			);
			path = TinderCardCollectionViewCell;
			sourceTree = "<group>";
		};
/* End PBXGroup section */

/* Begin PBXNativeTarget section */
		DE2188EC2018146F00B0E5C0 /* TinderUISamples */ = {
			isa = PBXNativeTarget;
			buildConfigurationList = DE2189152018146F00B0E5C0 /* Build configuration list for PBXNativeTarget "TinderUISamples" */;
			buildPhases = (
				07323DA13123B5FABC1FFE6B /* [CP] Check Pods Manifest.lock */,
				DE2188E92018146F00B0E5C0 /* Sources */,
				DE2188EA2018146F00B0E5C0 /* Frameworks */,
				DE2188EB2018146F00B0E5C0 /* Resources */,
				7DFA4EAC0DA08D6C71895818 /* [CP] Embed Pods Frameworks */,
				6C122DEC01CACD45E30D4D7C /* [CP] Copy Pods Resources */,
			);
			buildRules = (
			);
			dependencies = (
			);
			name = TinderUISamples;
			productName = TinderUISamples;
			productReference = DE2188ED2018146F00B0E5C0 /* TinderUISamples.app */;
			productType = "com.apple.product-type.application";
		};
		DE2189002018146F00B0E5C0 /* TinderUISamplesTests */ = {
			isa = PBXNativeTarget;
			buildConfigurationList = DE2189182018146F00B0E5C0 /* Build configuration list for PBXNativeTarget "TinderUISamplesTests" */;
			buildPhases = (
				DE2188FD2018146F00B0E5C0 /* Sources */,
				DE2188FE2018146F00B0E5C0 /* Frameworks */,
				DE2188FF2018146F00B0E5C0 /* Resources */,
			);
			buildRules = (
			);
			dependencies = (
				DE2189032018146F00B0E5C0 /* PBXTargetDependency */,
			);
			name = TinderUISamplesTests;
			productName = TinderUISamplesTests;
			productReference = DE2189012018146F00B0E5C0 /* TinderUISamplesTests.xctest */;
			productType = "com.apple.product-type.bundle.unit-test";
		};
		DE21890B2018146F00B0E5C0 /* TinderUISamplesUITests */ = {
			isa = PBXNativeTarget;
			buildConfigurationList = DE21891B2018146F00B0E5C0 /* Build configuration list for PBXNativeTarget "TinderUISamplesUITests" */;
			buildPhases = (
				DE2189082018146F00B0E5C0 /* Sources */,
				DE2189092018146F00B0E5C0 /* Frameworks */,
				DE21890A2018146F00B0E5C0 /* Resources */,
			);
			buildRules = (
			);
			dependencies = (
				DE21890E2018146F00B0E5C0 /* PBXTargetDependency */,
			);
			name = TinderUISamplesUITests;
			productName = TinderUISamplesUITests;
			productReference = DE21890C2018146F00B0E5C0 /* TinderUISamplesUITests.xctest */;
			productType = "com.apple.product-type.bundle.ui-testing";
		};
/* End PBXNativeTarget section */

/* Begin PBXProject section */
		DE2188E52018146F00B0E5C0 /* Project object */ = {
			isa = PBXProject;
			attributes = {
				LastSwiftUpdateCheck = 0920;
				LastUpgradeCheck = 0920;
				ORGANIZATIONNAME = "酒井文也";
				TargetAttributes = {
					DE2188EC2018146F00B0E5C0 = {
						CreatedOnToolsVersion = 9.2;
						ProvisioningStyle = Automatic;
					};
					DE2189002018146F00B0E5C0 = {
						CreatedOnToolsVersion = 9.2;
						ProvisioningStyle = Automatic;
						TestTargetID = DE2188EC2018146F00B0E5C0;
					};
					DE21890B2018146F00B0E5C0 = {
						CreatedOnToolsVersion = 9.2;
						ProvisioningStyle = Automatic;
						TestTargetID = DE2188EC2018146F00B0E5C0;
					};
				};
			};
			buildConfigurationList = DE2188E82018146F00B0E5C0 /* Build configuration list for PBXProject "TinderUISamples" */;
			compatibilityVersion = "Xcode 8.0";
			developmentRegion = en;
			hasScannedForEncodings = 0;
			knownRegions = (
				en,
				Base,
			);
			mainGroup = DE2188E42018146F00B0E5C0;
			productRefGroup = DE2188EE2018146F00B0E5C0 /* Products */;
			projectDirPath = "";
			projectRoot = "";
			targets = (
				DE2188EC2018146F00B0E5C0 /* TinderUISamples */,
				DE2189002018146F00B0E5C0 /* TinderUISamplesTests */,
				DE21890B2018146F00B0E5C0 /* TinderUISamplesUITests */,
			);
		};
/* End PBXProject section */

/* Begin PBXResourcesBuildPhase section */
		DE2188EB2018146F00B0E5C0 /* Resources */ = {
			isa = PBXResourcesBuildPhase;
			buildActionMask = 2147483647;
			files = (
				DE2188FB2018146F00B0E5C0 /* LaunchScreen.storyboard in Resources */,
				DE218943202B7BCC00B0E5C0 /* rakuten_recipe_category_list.csv in Resources */,
				DE2189352026092800B0E5C0 /* TinderCardSetView.xib in Resources */,
				DE2188F82018146F00B0E5C0 /* Assets.xcassets in Resources */,
				DE590E3F20313B0C0069BAB2 /* TinderCardCollectionViewCell.xib in Resources */,
				DE2188F62018146F00B0E5C0 /* Main.storyboard in Resources */,
			);
			runOnlyForDeploymentPostprocessing = 0;
		};
		DE2188FF2018146F00B0E5C0 /* Resources */ = {
			isa = PBXResourcesBuildPhase;
			buildActionMask = 2147483647;
			files = (
			);
			runOnlyForDeploymentPostprocessing = 0;
		};
		DE21890A2018146F00B0E5C0 /* Resources */ = {
			isa = PBXResourcesBuildPhase;
			buildActionMask = 2147483647;
			files = (
			);
			runOnlyForDeploymentPostprocessing = 0;
		};
/* End PBXResourcesBuildPhase section */

/* Begin PBXShellScriptBuildPhase section */
		07323DA13123B5FABC1FFE6B /* [CP] Check Pods Manifest.lock */ = {
			isa = PBXShellScriptBuildPhase;
			buildActionMask = 2147483647;
			files = (
			);
			inputPaths = (
				"${PODS_PODFILE_DIR_PATH}/Podfile.lock",
				"${PODS_ROOT}/Manifest.lock",
			);
			name = "[CP] Check Pods Manifest.lock";
			outputPaths = (
				"$(DERIVED_FILE_DIR)/Pods-TinderUISamples-checkManifestLockResult.txt",
			);
			runOnlyForDeploymentPostprocessing = 0;
			shellPath = /bin/sh;
			shellScript = "diff \"${PODS_PODFILE_DIR_PATH}/Podfile.lock\" \"${PODS_ROOT}/Manifest.lock\" > /dev/null\nif [ $? != 0 ] ; then\n    # print error to STDERR\n    echo \"error: The sandbox is not in sync with the Podfile.lock. Run 'pod install' or update your CocoaPods installation.\" >&2\n    exit 1\nfi\n# This output is used by Xcode 'outputs' to avoid re-running this script phase.\necho \"SUCCESS\" > \"${SCRIPT_OUTPUT_FILE_0}\"\n";
			showEnvVarsInLog = 0;
		};
		6C122DEC01CACD45E30D4D7C /* [CP] Copy Pods Resources */ = {
			isa = PBXShellScriptBuildPhase;
			buildActionMask = 2147483647;
			files = (
			);
			inputPaths = (
			);
			name = "[CP] Copy Pods Resources";
			outputPaths = (
			);
			runOnlyForDeploymentPostprocessing = 0;
			shellPath = /bin/sh;
			shellScript = "\"${SRCROOT}/Pods/Target Support Files/Pods-TinderUISamples/Pods-TinderUISamples-resources.sh\"\n";
			showEnvVarsInLog = 0;
		};
		7DFA4EAC0DA08D6C71895818 /* [CP] Embed Pods Frameworks */ = {
			isa = PBXShellScriptBuildPhase;
			buildActionMask = 2147483647;
			files = (
			);
			inputPaths = (
				"${SRCROOT}/Pods/Target Support Files/Pods-TinderUISamples/Pods-TinderUISamples-frameworks.sh",
				"${BUILT_PRODUCTS_DIR}/Alamofire/Alamofire.framework",
				"${BUILT_PRODUCTS_DIR}/Kingfisher/Kingfisher.framework",
				"${BUILT_PRODUCTS_DIR}/Koloda/Koloda.framework",
				"${BUILT_PRODUCTS_DIR}/SwiftyJSON/SwiftyJSON.framework",
				"${BUILT_PRODUCTS_DIR}/ZLSwipeableViewSwift/ZLSwipeableViewSwift.framework",
				"${BUILT_PRODUCTS_DIR}/pop/pop.framework",
			);
			name = "[CP] Embed Pods Frameworks";
			outputPaths = (
				"${TARGET_BUILD_DIR}/${FRAMEWORKS_FOLDER_PATH}/Alamofire.framework",
				"${TARGET_BUILD_DIR}/${FRAMEWORKS_FOLDER_PATH}/Kingfisher.framework",
				"${TARGET_BUILD_DIR}/${FRAMEWORKS_FOLDER_PATH}/Koloda.framework",
				"${TARGET_BUILD_DIR}/${FRAMEWORKS_FOLDER_PATH}/SwiftyJSON.framework",
				"${TARGET_BUILD_DIR}/${FRAMEWORKS_FOLDER_PATH}/ZLSwipeableViewSwift.framework",
				"${TARGET_BUILD_DIR}/${FRAMEWORKS_FOLDER_PATH}/pop.framework",
			);
			runOnlyForDeploymentPostprocessing = 0;
			shellPath = /bin/sh;
			shellScript = "\"${SRCROOT}/Pods/Target Support Files/Pods-TinderUISamples/Pods-TinderUISamples-frameworks.sh\"\n";
			showEnvVarsInLog = 0;
		};
/* End PBXShellScriptBuildPhase section */

/* Begin PBXSourcesBuildPhase section */
		DE2188E92018146F00B0E5C0 /* Sources */ = {
			isa = PBXSourcesBuildPhase;
			buildActionMask = 2147483647;
			files = (
				DE21894B202F841800B0E5C0 /* RecipePresenter.swift in Sources */,
				DE2189372026096200B0E5C0 /* TinderCardSetView.swift in Sources */,
				DE218949202F840300B0E5C0 /* RecipeModel.swift in Sources */,
				DE2189202019F19E00B0E5C0 /* CollectionViewTinderViewController.swift in Sources */,
				DE590E3E20313B0C0069BAB2 /* TinderCardCollectionViewCell.swift in Sources */,
				DE218922201E06C700B0E5C0 /* PureViewTinderViewController.swift in Sources */,
				DE2188F32018146F00B0E5C0 /* ViewController.swift in Sources */,
				DE21893B20262E1500B0E5C0 /* TinderCardDefaultSettings.swift in Sources */,
				DE21893F2027000F00B0E5C0 /* IntExtension.swift in Sources */,
				DE218927201E075000B0E5C0 /* UIImageExtension.swift in Sources */,
				DE21894E202F854300B0E5C0 /* APIConstant.swift in Sources */,
				DE21892A201E07CA00B0E5C0 /* CustomViewBase.swift in Sources */,
				DE218947202F810800B0E5C0 /* APIRequestManager.swift in Sources */,
				DE21893920262C5100B0E5C0 /* TinderCardSetting.swift in Sources */,
				DE2188F12018146F00B0E5C0 /* AppDelegate.swift in Sources */,
				DE21893D20262EA600B0E5C0 /* UIColorExtension.swift in Sources */,
			);
			runOnlyForDeploymentPostprocessing = 0;
		};
		DE2188FD2018146F00B0E5C0 /* Sources */ = {
			isa = PBXSourcesBuildPhase;
			buildActionMask = 2147483647;
			files = (
				DE2189062018146F00B0E5C0 /* TinderUISamplesTests.swift in Sources */,
			);
			runOnlyForDeploymentPostprocessing = 0;
		};
		DE2189082018146F00B0E5C0 /* Sources */ = {
			isa = PBXSourcesBuildPhase;
			buildActionMask = 2147483647;
			files = (
				DE2189112018146F00B0E5C0 /* TinderUISamplesUITests.swift in Sources */,
			);
			runOnlyForDeploymentPostprocessing = 0;
		};
/* End PBXSourcesBuildPhase section */

/* Begin PBXTargetDependency section */
		DE2189032018146F00B0E5C0 /* PBXTargetDependency */ = {
			isa = PBXTargetDependency;
			target = DE2188EC2018146F00B0E5C0 /* TinderUISamples */;
			targetProxy = DE2189022018146F00B0E5C0 /* PBXContainerItemProxy */;
		};
		DE21890E2018146F00B0E5C0 /* PBXTargetDependency */ = {
			isa = PBXTargetDependency;
			target = DE2188EC2018146F00B0E5C0 /* TinderUISamples */;
			targetProxy = DE21890D2018146F00B0E5C0 /* PBXContainerItemProxy */;
		};
/* End PBXTargetDependency section */

/* Begin PBXVariantGroup section */
		DE2188F42018146F00B0E5C0 /* Main.storyboard */ = {
			isa = PBXVariantGroup;
			children = (
				DE2188F52018146F00B0E5C0 /* Base */,
			);
			name = Main.storyboard;
			sourceTree = "<group>";
		};
		DE2188F92018146F00B0E5C0 /* LaunchScreen.storyboard */ = {
			isa = PBXVariantGroup;
			children = (
				DE2188FA2018146F00B0E5C0 /* Base */,
			);
			name = LaunchScreen.storyboard;
			sourceTree = "<group>";
		};
/* End PBXVariantGroup section */

/* Begin XCBuildConfiguration section */
		DE2189132018146F00B0E5C0 /* Debug */ = {
			isa = XCBuildConfiguration;
			buildSettings = {
				ALWAYS_SEARCH_USER_PATHS = NO;
				CLANG_ANALYZER_NONNULL = YES;
				CLANG_ANALYZER_NUMBER_OBJECT_CONVERSION = YES_AGGRESSIVE;
				CLANG_CXX_LANGUAGE_STANDARD = "gnu++14";
				CLANG_CXX_LIBRARY = "libc++";
				CLANG_ENABLE_MODULES = YES;
				CLANG_ENABLE_OBJC_ARC = YES;
				CLANG_WARN_BLOCK_CAPTURE_AUTORELEASING = YES;
				CLANG_WARN_BOOL_CONVERSION = YES;
				CLANG_WARN_COMMA = YES;
				CLANG_WARN_CONSTANT_CONVERSION = YES;
				CLANG_WARN_DIRECT_OBJC_ISA_USAGE = YES_ERROR;
				CLANG_WARN_DOCUMENTATION_COMMENTS = YES;
				CLANG_WARN_EMPTY_BODY = YES;
				CLANG_WARN_ENUM_CONVERSION = YES;
				CLANG_WARN_INFINITE_RECURSION = YES;
				CLANG_WARN_INT_CONVERSION = YES;
				CLANG_WARN_NON_LITERAL_NULL_CONVERSION = YES;
				CLANG_WARN_OBJC_LITERAL_CONVERSION = YES;
				CLANG_WARN_OBJC_ROOT_CLASS = YES_ERROR;
				CLANG_WARN_RANGE_LOOP_ANALYSIS = YES;
				CLANG_WARN_STRICT_PROTOTYPES = YES;
				CLANG_WARN_SUSPICIOUS_MOVE = YES;
				CLANG_WARN_UNGUARDED_AVAILABILITY = YES_AGGRESSIVE;
				CLANG_WARN_UNREACHABLE_CODE = YES;
				CLANG_WARN__DUPLICATE_METHOD_MATCH = YES;
				CODE_SIGN_IDENTITY = "iPhone Developer";
				COPY_PHASE_STRIP = NO;
				DEBUG_INFORMATION_FORMAT = dwarf;
				ENABLE_STRICT_OBJC_MSGSEND = YES;
				ENABLE_TESTABILITY = YES;
				GCC_C_LANGUAGE_STANDARD = gnu11;
				GCC_DYNAMIC_NO_PIC = NO;
				GCC_NO_COMMON_BLOCKS = YES;
				GCC_OPTIMIZATION_LEVEL = 0;
				GCC_PREPROCESSOR_DEFINITIONS = (
					"DEBUG=1",
					"$(inherited)",
				);
				GCC_WARN_64_TO_32_BIT_CONVERSION = YES;
				GCC_WARN_ABOUT_RETURN_TYPE = YES_ERROR;
				GCC_WARN_UNDECLARED_SELECTOR = YES;
				GCC_WARN_UNINITIALIZED_AUTOS = YES_AGGRESSIVE;
				GCC_WARN_UNUSED_FUNCTION = YES;
				GCC_WARN_UNUSED_VARIABLE = YES;
				IPHONEOS_DEPLOYMENT_TARGET = 11.2;
				MTL_ENABLE_DEBUG_INFO = YES;
				ONLY_ACTIVE_ARCH = YES;
				SDKROOT = iphoneos;
				SWIFT_ACTIVE_COMPILATION_CONDITIONS = DEBUG;
				SWIFT_OPTIMIZATION_LEVEL = "-Onone";
			};
			name = Debug;
		};
		DE2189142018146F00B0E5C0 /* Release */ = {
			isa = XCBuildConfiguration;
			buildSettings = {
				ALWAYS_SEARCH_USER_PATHS = NO;
				CLANG_ANALYZER_NONNULL = YES;
				CLANG_ANALYZER_NUMBER_OBJECT_CONVERSION = YES_AGGRESSIVE;
				CLANG_CXX_LANGUAGE_STANDARD = "gnu++14";
				CLANG_CXX_LIBRARY = "libc++";
				CLANG_ENABLE_MODULES = YES;
				CLANG_ENABLE_OBJC_ARC = YES;
				CLANG_WARN_BLOCK_CAPTURE_AUTORELEASING = YES;
				CLANG_WARN_BOOL_CONVERSION = YES;
				CLANG_WARN_COMMA = YES;
				CLANG_WARN_CONSTANT_CONVERSION = YES;
				CLANG_WARN_DIRECT_OBJC_ISA_USAGE = YES_ERROR;
				CLANG_WARN_DOCUMENTATION_COMMENTS = YES;
				CLANG_WARN_EMPTY_BODY = YES;
				CLANG_WARN_ENUM_CONVERSION = YES;
				CLANG_WARN_INFINITE_RECURSION = YES;
				CLANG_WARN_INT_CONVERSION = YES;
				CLANG_WARN_NON_LITERAL_NULL_CONVERSION = YES;
				CLANG_WARN_OBJC_LITERAL_CONVERSION = YES;
				CLANG_WARN_OBJC_ROOT_CLASS = YES_ERROR;
				CLANG_WARN_RANGE_LOOP_ANALYSIS = YES;
				CLANG_WARN_STRICT_PROTOTYPES = YES;
				CLANG_WARN_SUSPICIOUS_MOVE = YES;
				CLANG_WARN_UNGUARDED_AVAILABILITY = YES_AGGRESSIVE;
				CLANG_WARN_UNREACHABLE_CODE = YES;
				CLANG_WARN__DUPLICATE_METHOD_MATCH = YES;
				CODE_SIGN_IDENTITY = "iPhone Developer";
				COPY_PHASE_STRIP = NO;
				DEBUG_INFORMATION_FORMAT = "dwarf-with-dsym";
				ENABLE_NS_ASSERTIONS = NO;
				ENABLE_STRICT_OBJC_MSGSEND = YES;
				GCC_C_LANGUAGE_STANDARD = gnu11;
				GCC_NO_COMMON_BLOCKS = YES;
				GCC_WARN_64_TO_32_BIT_CONVERSION = YES;
				GCC_WARN_ABOUT_RETURN_TYPE = YES_ERROR;
				GCC_WARN_UNDECLARED_SELECTOR = YES;
				GCC_WARN_UNINITIALIZED_AUTOS = YES_AGGRESSIVE;
				GCC_WARN_UNUSED_FUNCTION = YES;
				GCC_WARN_UNUSED_VARIABLE = YES;
				IPHONEOS_DEPLOYMENT_TARGET = 11.2;
				MTL_ENABLE_DEBUG_INFO = NO;
				SDKROOT = iphoneos;
				SWIFT_OPTIMIZATION_LEVEL = "-Owholemodule";
				VALIDATE_PRODUCT = YES;
			};
			name = Release;
		};
		DE2189162018146F00B0E5C0 /* Debug */ = {
			isa = XCBuildConfiguration;
			baseConfigurationReference = 776303F8D722C3463AB85064 /* Pods-TinderUISamples.debug.xcconfig */;
			buildSettings = {
				ASSETCATALOG_COMPILER_APPICON_NAME = AppIcon;
				CODE_SIGN_STYLE = Automatic;
				DEVELOPMENT_TEAM = S5BF5553KY;
				INFOPLIST_FILE = TinderUISamples/Info.plist;
				LD_RUNPATH_SEARCH_PATHS = "$(inherited) @executable_path/Frameworks";
				PRODUCT_BUNDLE_IDENTIFIER = com.just1factory.TinderUISamples;
				PRODUCT_NAME = "$(TARGET_NAME)";
				SWIFT_OBJC_BRIDGING_HEADER = "";
				SWIFT_VERSION = 4.0;
				TARGETED_DEVICE_FAMILY = "1,2";
			};
			name = Debug;
		};
		DE2189172018146F00B0E5C0 /* Release */ = {
			isa = XCBuildConfiguration;
			baseConfigurationReference = E4A61A47756FDAF51B9B0B8A /* Pods-TinderUISamples.release.xcconfig */;
			buildSettings = {
				ASSETCATALOG_COMPILER_APPICON_NAME = AppIcon;
				CODE_SIGN_STYLE = Automatic;
				DEVELOPMENT_TEAM = S5BF5553KY;
				INFOPLIST_FILE = TinderUISamples/Info.plist;
				LD_RUNPATH_SEARCH_PATHS = "$(inherited) @executable_path/Frameworks";
				PRODUCT_BUNDLE_IDENTIFIER = com.just1factory.TinderUISamples;
				PRODUCT_NAME = "$(TARGET_NAME)";
				SWIFT_OBJC_BRIDGING_HEADER = "";
				SWIFT_VERSION = 4.0;
				TARGETED_DEVICE_FAMILY = "1,2";
			};
			name = Release;
		};
		DE2189192018146F00B0E5C0 /* Debug */ = {
			isa = XCBuildConfiguration;
			buildSettings = {
				ALWAYS_EMBED_SWIFT_STANDARD_LIBRARIES = YES;
				BUNDLE_LOADER = "$(TEST_HOST)";
				CODE_SIGN_STYLE = Automatic;
				DEVELOPMENT_TEAM = S5BF5553KY;
				INFOPLIST_FILE = TinderUISamplesTests/Info.plist;
				LD_RUNPATH_SEARCH_PATHS = "$(inherited) @executable_path/Frameworks @loader_path/Frameworks";
				PRODUCT_BUNDLE_IDENTIFIER = com.just1factory.TinderUISamplesTests;
				PRODUCT_NAME = "$(TARGET_NAME)";
				SWIFT_VERSION = 4.0;
				TARGETED_DEVICE_FAMILY = "1,2";
				TEST_HOST = "$(BUILT_PRODUCTS_DIR)/TinderUISamples.app/TinderUISamples";
			};
			name = Debug;
		};
		DE21891A2018146F00B0E5C0 /* Release */ = {
			isa = XCBuildConfiguration;
			buildSettings = {
				ALWAYS_EMBED_SWIFT_STANDARD_LIBRARIES = YES;
				BUNDLE_LOADER = "$(TEST_HOST)";
				CODE_SIGN_STYLE = Automatic;
				DEVELOPMENT_TEAM = S5BF5553KY;
				INFOPLIST_FILE = TinderUISamplesTests/Info.plist;
				LD_RUNPATH_SEARCH_PATHS = "$(inherited) @executable_path/Frameworks @loader_path/Frameworks";
				PRODUCT_BUNDLE_IDENTIFIER = com.just1factory.TinderUISamplesTests;
				PRODUCT_NAME = "$(TARGET_NAME)";
				SWIFT_VERSION = 4.0;
				TARGETED_DEVICE_FAMILY = "1,2";
				TEST_HOST = "$(BUILT_PRODUCTS_DIR)/TinderUISamples.app/TinderUISamples";
			};
			name = Release;
		};
		DE21891C2018146F00B0E5C0 /* Debug */ = {
			isa = XCBuildConfiguration;
			buildSettings = {
				ALWAYS_EMBED_SWIFT_STANDARD_LIBRARIES = YES;
				CODE_SIGN_STYLE = Automatic;
				DEVELOPMENT_TEAM = S5BF5553KY;
				INFOPLIST_FILE = TinderUISamplesUITests/Info.plist;
				LD_RUNPATH_SEARCH_PATHS = "$(inherited) @executable_path/Frameworks @loader_path/Frameworks";
				PRODUCT_BUNDLE_IDENTIFIER = com.just1factory.TinderUISamplesUITests;
				PRODUCT_NAME = "$(TARGET_NAME)";
				SWIFT_VERSION = 4.0;
				TARGETED_DEVICE_FAMILY = "1,2";
				TEST_TARGET_NAME = TinderUISamples;
			};
			name = Debug;
		};
		DE21891D2018146F00B0E5C0 /* Release */ = {
			isa = XCBuildConfiguration;
			buildSettings = {
				ALWAYS_EMBED_SWIFT_STANDARD_LIBRARIES = YES;
				CODE_SIGN_STYLE = Automatic;
				DEVELOPMENT_TEAM = S5BF5553KY;
				INFOPLIST_FILE = TinderUISamplesUITests/Info.plist;
				LD_RUNPATH_SEARCH_PATHS = "$(inherited) @executable_path/Frameworks @loader_path/Frameworks";
				PRODUCT_BUNDLE_IDENTIFIER = com.just1factory.TinderUISamplesUITests;
				PRODUCT_NAME = "$(TARGET_NAME)";
				SWIFT_VERSION = 4.0;
				TARGETED_DEVICE_FAMILY = "1,2";
				TEST_TARGET_NAME = TinderUISamples;
			};
			name = Release;
		};
/* End XCBuildConfiguration section */

/* Begin XCConfigurationList section */
		DE2188E82018146F00B0E5C0 /* Build configuration list for PBXProject "TinderUISamples" */ = {
			isa = XCConfigurationList;
			buildConfigurations = (
				DE2189132018146F00B0E5C0 /* Debug */,
				DE2189142018146F00B0E5C0 /* Release */,
			);
			defaultConfigurationIsVisible = 0;
			defaultConfigurationName = Release;
		};
		DE2189152018146F00B0E5C0 /* Build configuration list for PBXNativeTarget "TinderUISamples" */ = {
			isa = XCConfigurationList;
			buildConfigurations = (
				DE2189162018146F00B0E5C0 /* Debug */,
				DE2189172018146F00B0E5C0 /* Release */,
			);
			defaultConfigurationIsVisible = 0;
			defaultConfigurationName = Release;
		};
		DE2189182018146F00B0E5C0 /* Build configuration list for PBXNativeTarget "TinderUISamplesTests" */ = {
			isa = XCConfigurationList;
			buildConfigurations = (
				DE2189192018146F00B0E5C0 /* Debug */,
				DE21891A2018146F00B0E5C0 /* Release */,
			);
			defaultConfigurationIsVisible = 0;
			defaultConfigurationName = Release;
		};
		DE21891B2018146F00B0E5C0 /* Build configuration list for PBXNativeTarget "TinderUISamplesUITests" */ = {
			isa = XCConfigurationList;
			buildConfigurations = (
				DE21891C2018146F00B0E5C0 /* Debug */,
				DE21891D2018146F00B0E5C0 /* Release */,
			);
			defaultConfigurationIsVisible = 0;
			defaultConfigurationName = Release;
		};
/* End XCConfigurationList section */
	};
	rootObject = DE2188E52018146F00B0E5C0 /* Project object */;
}
